
Microsoft Visual Studio Solution File, Format Version 12.00
# Visual Studio Version 17
VisualStudioVersion = 17.14.36518.9
MinimumVisualStudioVersion = 10.0.40219.1
Project("{2150E333-8FDC-42A3-9474-1A3956D46DE8}") = "Task0", "Task0", "{02EA681E-C7D8-13C7-8484-4AC65E1B71E8}"
EndProject
Project("{2150E333-8FDC-42A3-9474-1A3956D46DE8}") = "Task1", "Task1", "{69E69AEE-B46D-4C38-A7C9-E847EA895956}"
EndProject
Project("{2150E333-8FDC-42A3-9474-1A3956D46DE8}") = "Task2", "Task2", "{3C4E1B4C-3927-44D7-B095-1D5153520DC0}"
EndProject
Project("{FAE04EC0-301F-11D3-BF4B-00C04F79EFBC}") = "Tyuiu.SlokvaGA.Sprint4.Task0.V18", "Tyuiu.SlokvaGA.Sprint4.Task0.V18\Tyuiu.SlokvaGA.Sprint4.Task0.V18.csproj", "{1E0C7D46-6A2E-FF83-6C69-FDD8CF48C238}"
EndProject
Project("{FAE04EC0-301F-11D3-BF4B-00C04F79EFBC}") = "Tyuiu.SlokvaGA.Sprint4.Task0.V18.Test", "Tyuiu.SlokvaGA.Sprint4.Task0.V18.Test\Tyuiu.SlokvaGA.Sprint4.Task0.V18.Test.csproj", "{7EB99DE6-2CDF-5940-2005-6CDB02700226}"
EndProject
Project("{FAE04EC0-301F-11D3-BF4B-00C04F79EFBC}") = "Tyuiu.SlokvaGA.Sprint4.Task1.V14", "Tyuiu.SlokvaGA.Sprint4.Task1.V14\Tyuiu.SlokvaGA.Sprint4.Task1.V14.csproj", "{DBB01759-ECB0-359A-97E1-FC59580F1F87}"
EndProject
Project("{FAE04EC0-301F-11D3-BF4B-00C04F79EFBC}") = "Tyuiu.SlokvaGA.Sprint4.Task1.V14.Lib", "Tyuiu.SlokvaGA.Sprint4.Task1.V14.Lib\Tyuiu.SlokvaGA.Sprint4.Task1.V14.Lib.csproj", "{6F37DB81-CA6B-C9E4-798A-C370E4C2B791}"
EndProject
Project("{FAE04EC0-301F-11D3-BF4B-00C04F79EFBC}") = "Tyuiu.SlokvaGA.Sprint4.Task1.V14.Test", "Tyuiu.SlokvaGA.Sprint4.Task1.V14.Test\Tyuiu.SlokvaGA.Sprint4.Task1.V14.Test.csproj", "{8A4EE0F5-2CF3-E548-B28A-ED481357D3BE}"
EndProject
Project("{FAE04EC0-301F-11D3-BF4B-00C04F79EFBC}") = "Tyuiu.SlokvaGA.Sprint4.Task2.V30", "Tyuiu.SlokvaGA.Sprint4.Task2.V30\Tyuiu.SlokvaGA.Sprint4.Task2.V30.csproj", "{ED3C3C7E-64B5-735B-C399-FB18F23F67EC}"
EndProject
Project("{FAE04EC0-301F-11D3-BF4B-00C04F79EFBC}") = "Tyuiu.SlokvaGA.Sprint4.Task2.V30.Lib", "Tyuiu.SlokvaGA.Sprint4.Task2.V30.Lib\Tyuiu.SlokvaGA.Sprint4.Task2.V30.Lib.csproj", "{E6E9410C-F621-573D-9F04-D5B0BBDFD1C5}"
EndProject
Project("{FAE04EC0-301F-11D3-BF4B-00C04F79EFBC}") = "Tyuiu.SlokvaGA.Sprint4.Task2.V30.Test", "Tyuiu.SlokvaGA.Sprint4.Task2.V30.Test\Tyuiu.SlokvaGA.Sprint4.Task2.V30.Test.csproj", "{A6AE5174-9D81-2C65-6CC9-6E8FFF14EB00}"
EndProject
Project("{FAE04EC0-301F-11D3-BF4B-00C04F79EFBC}") = "Tyuiu.SlokvaGA.Sprint4.Task0.V18.Lib", "Tyuiu.SlokvaGA.Sprint4.Task0.V18.Lib\Tyuiu.SlokvaGA.Sprint4.Task0.V18.Lib.csproj", "{B889C975-7A1D-7957-6FBD-90F1705EF7DB}"
EndProject
Project("{2150E333-8FDC-42A3-9474-1A3956D46DE8}") = "Task3", "Task3", "{9ABD7982-D169-4786-90BD-AE15872C89B2}"
EndProject
Project("{FAE04EC0-301F-11D3-BF4B-00C04F79EFBC}") = "Tyuiu.SlokvaGA.Sprint4.Task3.V15", "Tyuiu.SlokvaGA.Sprint4.Task3.V15\Tyuiu.SlokvaGA.Sprint4.Task3.V15.csproj", "{D93D9845-E975-4674-988A-CBFA3CFE240B}"
EndProject
Project("{FAE04EC0-301F-11D3-BF4B-00C04F79EFBC}") = "Tyuiu.SlokvaGA.Sprint4.Task3.V15.Test", "Tyuiu.SlokvaGA.Sprint4.Task3.V15.Test\Tyuiu.SlokvaGA.Sprint4.Task3.V15.Test.csproj", "{294131ED-2D92-49B8-B9F0-894267EC74D5}"
EndProject
Project("{FAE04EC0-301F-11D3-BF4B-00C04F79EFBC}") = "Tyuiu.SlokvaGA.Sprint4.Task3.V15.Lib", "Tyuiu.SlokvaGA.Sprint4.Task3.V15.Lib\Tyuiu.SlokvaGA.Sprint4.Task3.V15.Lib.csproj", "{564303C9-4E5A-4405-85FF-45F87CA63C1C}"
EndProject
Project("{2150E333-8FDC-42A3-9474-1A3956D46DE8}") = "Task4", "Task4", "{2B738366-2E5D-4392-8A28-25B0C5E720A3}"
EndProject
Project("{FAE04EC0-301F-11D3-BF4B-00C04F79EFBC}") = "Tyuiu.SlokvaGA.Sprint4.Task4.V15", "Tyuiu.SlokvaGA.Sprint4.Task4.V15\Tyuiu.SlokvaGA.Sprint4.Task4.V15.csproj", "{F43A330A-8E80-49DC-B127-DEB636978ED7}"
EndProject
Project("{FAE04EC0-301F-11D3-BF4B-00C04F79EFBC}") = "Tyuiu.SlokvaGA.Sprint4.Task4.V15.Lib", "Tyuiu.SlokvaGA.Sprint4.Task4.V15.Lib\Tyuiu.SlokvaGA.Sprint4.Task4.V15.Lib.csproj", "{05D98FAD-2738-492F-BCD5-83C7780F308B}"
EndProject
Project("{FAE04EC0-301F-11D3-BF4B-00C04F79EFBC}") = "Tyuiu.SlokvaGA.Sprint4.Task4.V15.Test", "Tyuiu.SlokvaGA.Sprint4.Task4.V15.Test\Tyuiu.SlokvaGA.Sprint4.Task4.V15.Test.csproj", "{A9EF3820-0D8F-47BA-9CAE-E416B1B14B07}"
EndProject
Global
	GlobalSection(SolutionConfigurationPlatforms) = preSolution
		Debug|Any CPU = Debug|Any CPU
		Release|Any CPU = Release|Any CPU
	EndGlobalSection
	GlobalSection(ProjectConfigurationPlatforms) = postSolution
		{1E0C7D46-6A2E-FF83-6C69-FDD8CF48C238}.Debug|Any CPU.ActiveCfg = Debug|Any CPU
		{1E0C7D46-6A2E-FF83-6C69-FDD8CF48C238}.Debug|Any CPU.Build.0 = Debug|Any CPU
		{1E0C7D46-6A2E-FF83-6C69-FDD8CF48C238}.Release|Any CPU.ActiveCfg = Release|Any CPU
		{1E0C7D46-6A2E-FF83-6C69-FDD8CF48C238}.Release|Any CPU.Build.0 = Release|Any CPU
		{7EB99DE6-2CDF-5940-2005-6CDB02700226}.Debug|Any CPU.ActiveCfg = Debug|Any CPU
		{7EB99DE6-2CDF-5940-2005-6CDB02700226}.Debug|Any CPU.Build.0 = Debug|Any CPU
		{7EB99DE6-2CDF-5940-2005-6CDB02700226}.Release|Any CPU.ActiveCfg = Release|Any CPU
		{7EB99DE6-2CDF-5940-2005-6CDB02700226}.Release|Any CPU.Build.0 = Release|Any CPU
		{DBB01759-ECB0-359A-97E1-FC59580F1F87}.Debug|Any CPU.ActiveCfg = Debug|Any CPU
		{DBB01759-ECB0-359A-97E1-FC59580F1F87}.Debug|Any CPU.Build.0 = Debug|Any CPU
		{DBB01759-ECB0-359A-97E1-FC59580F1F87}.Release|Any CPU.ActiveCfg = Release|Any CPU
		{DBB01759-ECB0-359A-97E1-FC59580F1F87}.Release|Any CPU.Build.0 = Release|Any CPU
		{6F37DB81-CA6B-C9E4-798A-C370E4C2B791}.Debug|Any CPU.ActiveCfg = Debug|Any CPU
		{6F37DB81-CA6B-C9E4-798A-C370E4C2B791}.Debug|Any CPU.Build.0 = Debug|Any CPU
		{6F37DB81-CA6B-C9E4-798A-C370E4C2B791}.Release|Any CPU.ActiveCfg = Release|Any CPU
		{6F37DB81-CA6B-C9E4-798A-C370E4C2B791}.Release|Any CPU.Build.0 = Release|Any CPU
		{8A4EE0F5-2CF3-E548-B28A-ED481357D3BE}.Debug|Any CPU.ActiveCfg = Debug|Any CPU
		{8A4EE0F5-2CF3-E548-B28A-ED481357D3BE}.Debug|Any CPU.Build.0 = Debug|Any CPU
		{8A4EE0F5-2CF3-E548-B28A-ED481357D3BE}.Release|Any CPU.ActiveCfg = Release|Any CPU
		{8A4EE0F5-2CF3-E548-B28A-ED481357D3BE}.Release|Any CPU.Build.0 = Release|Any CPU
		{ED3C3C7E-64B5-735B-C399-FB18F23F67EC}.Debug|Any CPU.ActiveCfg = Debug|Any CPU
		{ED3C3C7E-64B5-735B-C399-FB18F23F67EC}.Debug|Any CPU.Build.0 = Debug|Any CPU
		{ED3C3C7E-64B5-735B-C399-FB18F23F67EC}.Release|Any CPU.ActiveCfg = Release|Any CPU
		{ED3C3C7E-64B5-735B-C399-FB18F23F67EC}.Release|Any CPU.Build.0 = Release|Any CPU
		{E6E9410C-F621-573D-9F04-D5B0BBDFD1C5}.Debug|Any CPU.ActiveCfg = Debug|Any CPU
		{E6E9410C-F621-573D-9F04-D5B0BBDFD1C5}.Debug|Any CPU.Build.0 = Debug|Any CPU
		{E6E9410C-F621-573D-9F04-D5B0BBDFD1C5}.Release|Any CPU.ActiveCfg = Release|Any CPU
		{E6E9410C-F621-573D-9F04-D5B0BBDFD1C5}.Release|Any CPU.Build.0 = Release|Any CPU
		{A6AE5174-9D81-2C65-6CC9-6E8FFF14EB00}.Debug|Any CPU.ActiveCfg = Debug|Any CPU
		{A6AE5174-9D81-2C65-6CC9-6E8FFF14EB00}.Debug|Any CPU.Build.0 = Debug|Any CPU
		{A6AE5174-9D81-2C65-6CC9-6E8FFF14EB00}.Release|Any CPU.ActiveCfg = Release|Any CPU
		{A6AE5174-9D81-2C65-6CC9-6E8FFF14EB00}.Release|Any CPU.Build.0 = Release|Any CPU
		{B889C975-7A1D-7957-6FBD-90F1705EF7DB}.Debug|Any CPU.ActiveCfg = Debug|Any CPU
		{B889C975-7A1D-7957-6FBD-90F1705EF7DB}.Debug|Any CPU.Build.0 = Debug|Any CPU
		{B889C975-7A1D-7957-6FBD-90F1705EF7DB}.Release|Any CPU.ActiveCfg = Release|Any CPU
		{B889C975-7A1D-7957-6FBD-90F1705EF7DB}.Release|Any CPU.Build.0 = Release|Any CPU
		{D93D9845-E975-4674-988A-CBFA3CFE240B}.Debug|Any CPU.ActiveCfg = Debug|Any CPU
		{D93D9845-E975-4674-988A-CBFA3CFE240B}.Debug|Any CPU.Build.0 = Debug|Any CPU
		{D93D9845-E975-4674-988A-CBFA3CFE240B}.Release|Any CPU.ActiveCfg = Release|Any CPU
		{D93D9845-E975-4674-988A-CBFA3CFE240B}.Release|Any CPU.Build.0 = Release|Any CPU
		{294131ED-2D92-49B8-B9F0-894267EC74D5}.Debug|Any CPU.ActiveCfg = Debug|Any CPU
		{294131ED-2D92-49B8-B9F0-894267EC74D5}.Debug|Any CPU.Build.0 = Debug|Any CPU
		{294131ED-2D92-49B8-B9F0-894267EC74D5}.Release|Any CPU.ActiveCfg = Release|Any CPU
		{294131ED-2D92-49B8-B9F0-894267EC74D5}.Release|Any CPU.Build.0 = Release|Any CPU
		{564303C9-4E5A-4405-85FF-45F87CA63C1C}.Debug|Any CPU.ActiveCfg = Debug|Any CPU
		{564303C9-4E5A-4405-85FF-45F87CA63C1C}.Debug|Any CPU.Build.0 = Debug|Any CPU
		{564303C9-4E5A-4405-85FF-45F87CA63C1C}.Release|Any CPU.ActiveCfg = Release|Any CPU
		{564303C9-4E5A-4405-85FF-45F87CA63C1C}.Release|Any CPU.Build.0 = Release|Any CPU
		{F43A330A-8E80-49DC-B127-DEB636978ED7}.Debug|Any CPU.ActiveCfg = Debug|Any CPU
		{F43A330A-8E80-49DC-B127-DEB636978ED7}.Debug|Any CPU.Build.0 = Debug|Any CPU
		{F43A330A-8E80-49DC-B127-DEB636978ED7}.Release|Any CPU.ActiveCfg = Release|Any CPU
		{F43A330A-8E80-49DC-B127-DEB636978ED7}.Release|Any CPU.Build.0 = Release|Any CPU
		{05D98FAD-2738-492F-BCD5-83C7780F308B}.Debug|Any CPU.ActiveCfg = Debug|Any CPU
		{05D98FAD-2738-492F-BCD5-83C7780F308B}.Debug|Any CPU.Build.0 = Debug|Any CPU
		{05D98FAD-2738-492F-BCD5-83C7780F308B}.Release|Any CPU.ActiveCfg = Release|Any CPU
		{05D98FAD-2738-492F-BCD5-83C7780F308B}.Release|Any CPU.Build.0 = Release|Any CPU
		{A9EF3820-0D8F-47BA-9CAE-E416B1B14B07}.Debug|Any CPU.ActiveCfg = Debug|Any CPU
		{A9EF3820-0D8F-47BA-9CAE-E416B1B14B07}.Debug|Any CPU.Build.0 = Debug|Any CPU
		{A9EF3820-0D8F-47BA-9CAE-E416B1B14B07}.Release|Any CPU.ActiveCfg = Release|Any CPU
		{A9EF3820-0D8F-47BA-9CAE-E416B1B14B07}.Release|Any CPU.Build.0 = Release|Any CPU
	EndGlobalSection
	GlobalSection(SolutionProperties) = preSolution
		HideSolutionNode = FALSE
	EndGlobalSection
	GlobalSection(NestedProjects) = preSolution
		{1E0C7D46-6A2E-FF83-6C69-FDD8CF48C238} = {02EA681E-C7D8-13C7-8484-4AC65E1B71E8}
		{7EB99DE6-2CDF-5940-2005-6CDB02700226} = {02EA681E-C7D8-13C7-8484-4AC65E1B71E8}
		{DBB01759-ECB0-359A-97E1-FC59580F1F87} = {69E69AEE-B46D-4C38-A7C9-E847EA895956}
		{6F37DB81-CA6B-C9E4-798A-C370E4C2B791} = {69E69AEE-B46D-4C38-A7C9-E847EA895956}
		{8A4EE0F5-2CF3-E548-B28A-ED481357D3BE} = {69E69AEE-B46D-4C38-A7C9-E847EA895956}
		{ED3C3C7E-64B5-735B-C399-FB18F23F67EC} = {3C4E1B4C-3927-44D7-B095-1D5153520DC0}
		{E6E9410C-F621-573D-9F04-D5B0BBDFD1C5} = {3C4E1B4C-3927-44D7-B095-1D5153520DC0}
		{A6AE5174-9D81-2C65-6CC9-6E8FFF14EB00} = {3C4E1B4C-3927-44D7-B095-1D5153520DC0}
		{B889C975-7A1D-7957-6FBD-90F1705EF7DB} = {02EA681E-C7D8-13C7-8484-4AC65E1B71E8}
		{D93D9845-E975-4674-988A-CBFA3CFE240B} = {9ABD7982-D169-4786-90BD-AE15872C89B2}
		{294131ED-2D92-49B8-B9F0-894267EC74D5} = {9ABD7982-D169-4786-90BD-AE15872C89B2}
		{564303C9-4E5A-4405-85FF-45F87CA63C1C} = {9ABD7982-D169-4786-90BD-AE15872C89B2}
		{F43A330A-8E80-49DC-B127-DEB636978ED7} = {2B738366-2E5D-4392-8A28-25B0C5E720A3}
		{05D98FAD-2738-492F-BCD5-83C7780F308B} = {2B738366-2E5D-4392-8A28-25B0C5E720A3}
		{A9EF3820-0D8F-47BA-9CAE-E416B1B14B07} = {2B738366-2E5D-4392-8A28-25B0C5E720A3}
	EndGlobalSection
	GlobalSection(ExtensibilityGlobals) = postSolution
		SolutionGuid = {E54FBC70-B2D1-487E-8785-DC458C46C85C}
	EndGlobalSection
EndGlobal
